
Microsoft Visual Studio Solution File, Format Version 10.00
# Visual C++ Express 2008
Project("{8BC9CEB8-8B4A-11D0-8D11-00A0C91BC942}") = "TileMapViewport", "..\TileMapViewport\TileMapViewport.vcproj", "{603A2407-CFD4-437F-A3C0-1CA0E67F8556}"
EndProject
Project("{8BC9CEB8-8B4A-11D0-8D11-00A0C91BC942}") = "TileMap", "TileMap.vcproj", "{6F17931E-377D-481D-AB1B-8A316017F723}"
EndProject
Global
	GlobalSection(SolutionConfigurationPlatforms) = preSolution
		Debug HWA|Win32 = Debug HWA|Win32
		Debug MMF|Win32 = Debug MMF|Win32
		Debug|Win32 = Debug|Win32
		Release HWA|Win32 = Release HWA|Win32
		Release|Win32 = Release|Win32
		Run_Only HWA|Win32 = Run_Only HWA|Win32
		Run_Only|Win32 = Run_Only|Win32
	EndGlobalSection
	GlobalSection(ProjectConfigurationPlatforms) = postSolution
		{603A2407-CFD4-437F-A3C0-1CA0E67F8556}.Debug HWA|Win32.ActiveCfg = Debug HWA|Win32
		{603A2407-CFD4-437F-A3C0-1CA0E67F8556}.Debug HWA|Win32.Build.0 = Debug HWA|Win32
		{603A2407-CFD4-437F-A3C0-1CA0E67F8556}.Debug MMF|Win32.ActiveCfg = Debug MMF|Win32
		{603A2407-CFD4-437F-A3C0-1CA0E67F8556}.Debug MMF|Win32.Build.0 = Debug MMF|Win32
		{603A2407-CFD4-437F-A3C0-1CA0E67F8556}.Debug|Win32.ActiveCfg = Debug|Win32
		{603A2407-CFD4-437F-A3C0-1CA0E67F8556}.Debug|Win32.Build.0 = Debug|Win32
		{603A2407-CFD4-437F-A3C0-1CA0E67F8556}.Release HWA|Win32.ActiveCfg = Release HWA|Win32
		{603A2407-CFD4-437F-A3C0-1CA0E67F8556}.Release HWA|Win32.Build.0 = Release HWA|Win32
		{603A2407-CFD4-437F-A3C0-1CA0E67F8556}.Release|Win32.ActiveCfg = Release|Win32
		{603A2407-CFD4-437F-A3C0-1CA0E67F8556}.Release|Win32.Build.0 = Release|Win32
		{603A2407-CFD4-437F-A3C0-1CA0E67F8556}.Run_Only HWA|Win32.ActiveCfg = Run_Only HWA|Win32
		{603A2407-CFD4-437F-A3C0-1CA0E67F8556}.Run_Only HWA|Win32.Build.0 = Run_Only HWA|Win32
		{603A2407-CFD4-437F-A3C0-1CA0E67F8556}.Run_Only|Win32.ActiveCfg = Run_Only|Win32
		{603A2407-CFD4-437F-A3C0-1CA0E67F8556}.Run_Only|Win32.Build.0 = Run_Only|Win32
		{6F17931E-377D-481D-AB1B-8A316017F723}.Debug HWA|Win32.ActiveCfg = Debug HWA|Win32
		{6F17931E-377D-481D-AB1B-8A316017F723}.Debug HWA|Win32.Build.0 = Debug HWA|Win32
		{6F17931E-377D-481D-AB1B-8A316017F723}.Debug MMF|Win32.ActiveCfg = Debug MMF|Win32
		{6F17931E-377D-481D-AB1B-8A316017F723}.Debug MMF|Win32.Build.0 = Debug MMF|Win32
		{6F17931E-377D-481D-AB1B-8A316017F723}.Debug|Win32.ActiveCfg = Debug|Win32
		{6F17931E-377D-481D-AB1B-8A316017F723}.Debug|Win32.Build.0 = Debug|Win32
		{6F17931E-377D-481D-AB1B-8A316017F723}.Release HWA|Win32.ActiveCfg = Release HWA|Win32
		{6F17931E-377D-481D-AB1B-8A316017F723}.Release HWA|Win32.Build.0 = Release HWA|Win32
		{6F17931E-377D-481D-AB1B-8A316017F723}.Release|Win32.ActiveCfg = Run_Only HWA|Win32
		{6F17931E-377D-481D-AB1B-8A316017F723}.Release|Win32.Build.0 = Run_Only HWA|Win32
		{6F17931E-377D-481D-AB1B-8A316017F723}.Run_Only HWA|Win32.ActiveCfg = Run_Only HWA|Win32
		{6F17931E-377D-481D-AB1B-8A316017F723}.Run_Only HWA|Win32.Build.0 = Run_Only HWA|Win32
		{6F17931E-377D-481D-AB1B-8A316017F723}.Run_Only|Win32.ActiveCfg = Run_Only|Win32
		{6F17931E-377D-481D-AB1B-8A316017F723}.Run_Only|Win32.Build.0 = Run_Only|Win32
	EndGlobalSection
	GlobalSection(SolutionProperties) = preSolution
		HideSolutionNode = FALSE
	EndGlobalSection
EndGlobal
