
Microsoft Visual Studio Solution File, Format Version 10.00
# Visual C++ Express 2008
Project("{8BC9CEB8-8B4A-11D0-8D11-00A0C91BC942}") = "TileMap", "rSDK.vcproj", "{6F17931E-377D-481D-AB1B-8A316017F723}"
EndProject
Global
	GlobalSection(SolutionConfigurationPlatforms) = preSolution
		Debug HWA|Win32 = Debug HWA|Win32
		Debug|Win32 = Debug|Win32
		Release HWA|Win32 = Release HWA|Win32
		Release_Small|Win32 = Release_Small|Win32
		Release|Win32 = Release|Win32
		Run_Only HWA|Win32 = Run_Only HWA|Win32
		Run_Only_Small|Win32 = Run_Only_Small|Win32
		Run_Only|Win32 = Run_Only|Win32
		Vitalize_Small|Win32 = Vitalize_Small|Win32
		Vitalize|Win32 = Vitalize|Win32
	EndGlobalSection
	GlobalSection(ProjectConfigurationPlatforms) = postSolution
		{6F17931E-377D-481D-AB1B-8A316017F723}.Debug HWA|Win32.ActiveCfg = Debug HWA|Win32
		{6F17931E-377D-481D-AB1B-8A316017F723}.Debug HWA|Win32.Build.0 = Debug HWA|Win32
		{6F17931E-377D-481D-AB1B-8A316017F723}.Debug|Win32.ActiveCfg = Debug|Win32
		{6F17931E-377D-481D-AB1B-8A316017F723}.Debug|Win32.Build.0 = Debug|Win32
		{6F17931E-377D-481D-AB1B-8A316017F723}.Release HWA|Win32.ActiveCfg = Release HWA|Win32
		{6F17931E-377D-481D-AB1B-8A316017F723}.Release HWA|Win32.Build.0 = Release HWA|Win32
		{6F17931E-377D-481D-AB1B-8A316017F723}.Release_Small|Win32.ActiveCfg = Release_Small|Win32
		{6F17931E-377D-481D-AB1B-8A316017F723}.Release_Small|Win32.Build.0 = Release_Small|Win32
		{6F17931E-377D-481D-AB1B-8A316017F723}.Release|Win32.ActiveCfg = Release|Win32
		{6F17931E-377D-481D-AB1B-8A316017F723}.Release|Win32.Build.0 = Release|Win32
		{6F17931E-377D-481D-AB1B-8A316017F723}.Run_Only HWA|Win32.ActiveCfg = Run_Only HWA|Win32
		{6F17931E-377D-481D-AB1B-8A316017F723}.Run_Only HWA|Win32.Build.0 = Run_Only HWA|Win32
		{6F17931E-377D-481D-AB1B-8A316017F723}.Run_Only_Small|Win32.ActiveCfg = Run_Only_Small|Win32
		{6F17931E-377D-481D-AB1B-8A316017F723}.Run_Only_Small|Win32.Build.0 = Run_Only_Small|Win32
		{6F17931E-377D-481D-AB1B-8A316017F723}.Run_Only|Win32.ActiveCfg = Run_Only|Win32
		{6F17931E-377D-481D-AB1B-8A316017F723}.Run_Only|Win32.Build.0 = Run_Only|Win32
		{6F17931E-377D-481D-AB1B-8A316017F723}.Vitalize_Small|Win32.ActiveCfg = Vitalize_Small|Win32
		{6F17931E-377D-481D-AB1B-8A316017F723}.Vitalize_Small|Win32.Build.0 = Vitalize_Small|Win32
		{6F17931E-377D-481D-AB1B-8A316017F723}.Vitalize|Win32.ActiveCfg = Vitalize|Win32
		{6F17931E-377D-481D-AB1B-8A316017F723}.Vitalize|Win32.Build.0 = Vitalize|Win32
	EndGlobalSection
	GlobalSection(SolutionProperties) = preSolution
		HideSolutionNode = FALSE
	EndGlobalSection
EndGlobal
